// !$*UTF8*$!
{
	archiveVersion = 1;
	classes = {
	};
	objectVersion = 46;
	objects = {

/* Begin PBXBuildFile section */
		1AF8F3D4B6A6C25B6C8FFAF4 /* Pods_ImageDownloader.framework in Frameworks */ = {isa = PBXBuildFile; fileRef = A082DEF9A4F0053160C33C79 /* Pods_ImageDownloader.framework */; };
		BF50E3361E5C65DA00AA3664 /* PhotoDownload.swift in Sources */ = {isa = PBXBuildFile; fileRef = BF50E3351E5C65DA00AA3664 /* PhotoDownload.swift */; };
		BF50E3381E5C681700AA3664 /* FileCollection.swift in Sources */ = {isa = PBXBuildFile; fileRef = BF50E3371E5C681700AA3664 /* FileCollection.swift */; };
		BF50E33A1E5C6BF700AA3664 /* GlobalEnum.swift in Sources */ = {isa = PBXBuildFile; fileRef = BF50E3391E5C6BF700AA3664 /* GlobalEnum.swift */; };
		BF50E33C1E5C6E5F00AA3664 /* PhotoImport.swift in Sources */ = {isa = PBXBuildFile; fileRef = BF50E33B1E5C6E5F00AA3664 /* PhotoImport.swift */; };
		BF50E33E1E5C6EEB00AA3664 /* PhotoFilter.swift in Sources */ = {isa = PBXBuildFile; fileRef = BF50E33D1E5C6EEB00AA3664 /* PhotoFilter.swift */; };
		BF50E3401E5C6F5500AA3664 /* Photo.swift in Sources */ = {isa = PBXBuildFile; fileRef = BF50E33F1E5C6F5500AA3664 /* Photo.swift */; };
		BF50E3431E5C6FED00AA3664 /* UIImage+Helper.swift in Sources */ = {isa = PBXBuildFile; fileRef = BF50E3421E5C6FED00AA3664 /* UIImage+Helper.swift */; };
		BF50E3451E5C702000AA3664 /* GlobalFunctions.swift in Sources */ = {isa = PBXBuildFile; fileRef = BF50E3441E5C702000AA3664 /* GlobalFunctions.swift */; };
		DC71FFE61E5C565500523B0C /* FileCell.swift in Sources */ = {isa = PBXBuildFile; fileRef = DC71FFE51E5C565500523B0C /* FileCell.swift */; };
		DC71FFE91E5C568900523B0C /* GlobalProtocol.swift in Sources */ = {isa = PBXBuildFile; fileRef = DC71FFE81E5C568900523B0C /* GlobalProtocol.swift */; };
		DCD69DAB1E5BF68400EEBCD4 /* AppDelegate.swift in Sources */ = {isa = PBXBuildFile; fileRef = DCD69DAA1E5BF68400EEBCD4 /* AppDelegate.swift */; };
		DCD69DB01E5BF68400EEBCD4 /* Main.storyboard in Resources */ = {isa = PBXBuildFile; fileRef = DCD69DAE1E5BF68400EEBCD4 /* Main.storyboard */; };
		DCD69DB21E5BF68400EEBCD4 /* Assets.xcassets in Resources */ = {isa = PBXBuildFile; fileRef = DCD69DB11E5BF68400EEBCD4 /* Assets.xcassets */; };
		DCD69DB51E5BF68400EEBCD4 /* LaunchScreen.storyboard in Resources */ = {isa = PBXBuildFile; fileRef = DCD69DB31E5BF68400EEBCD4 /* LaunchScreen.storyboard */; };
		DCD69DBE1E5BFDA000EEBCD4 /* FilesViewController.swift in Sources */ = {isa = PBXBuildFile; fileRef = DCD69DBD1E5BFDA000EEBCD4 /* FilesViewController.swift */; };
		DCD69DC01E5BFDB200EEBCD4 /* FilesTableViewController.swift in Sources */ = {isa = PBXBuildFile; fileRef = DCD69DBF1E5BFDB200EEBCD4 /* FilesTableViewController.swift */; };
		DCD69DC21E5C092E00EEBCD4 /* PhotoViewerViewController.swift in Sources */ = {isa = PBXBuildFile; fileRef = DCD69DC11E5C092E00EEBCD4 /* PhotoViewerViewController.swift */; };
/* End PBXBuildFile section */

/* Begin PBXFileReference section */
		10B2F1A5CA9D843E7B3CC4D7 /* Pods-ImageDownloader.debug.xcconfig */ = {isa = PBXFileReference; includeInIndex = 1; lastKnownFileType = text.xcconfig; name = "Pods-ImageDownloader.debug.xcconfig"; path = "Pods/Target Support Files/Pods-ImageDownloader/Pods-ImageDownloader.debug.xcconfig"; sourceTree = "<group>"; };
		970F52A0B5B07F3943C8760C /* Pods-ImageDownloader.release.xcconfig */ = {isa = PBXFileReference; includeInIndex = 1; lastKnownFileType = text.xcconfig; name = "Pods-ImageDownloader.release.xcconfig"; path = "Pods/Target Support Files/Pods-ImageDownloader/Pods-ImageDownloader.release.xcconfig"; sourceTree = "<group>"; };
		A082DEF9A4F0053160C33C79 /* Pods_ImageDownloader.framework */ = {isa = PBXFileReference; explicitFileType = wrapper.framework; includeInIndex = 0; path = Pods_ImageDownloader.framework; sourceTree = BUILT_PRODUCTS_DIR; };
		BF50E3351E5C65DA00AA3664 /* PhotoDownload.swift */ = {isa = PBXFileReference; fileEncoding = 4; lastKnownFileType = sourcecode.swift; path = PhotoDownload.swift; sourceTree = "<group>"; };
		BF50E3371E5C681700AA3664 /* FileCollection.swift */ = {isa = PBXFileReference; fileEncoding = 4; lastKnownFileType = sourcecode.swift; path = FileCollection.swift; sourceTree = "<group>"; };
		BF50E3391E5C6BF700AA3664 /* GlobalEnum.swift */ = {isa = PBXFileReference; fileEncoding = 4; lastKnownFileType = sourcecode.swift; path = GlobalEnum.swift; sourceTree = "<group>"; };
		BF50E33B1E5C6E5F00AA3664 /* PhotoImport.swift */ = {isa = PBXFileReference; fileEncoding = 4; lastKnownFileType = sourcecode.swift; path = PhotoImport.swift; sourceTree = "<group>"; };
		BF50E33D1E5C6EEB00AA3664 /* PhotoFilter.swift */ = {isa = PBXFileReference; fileEncoding = 4; lastKnownFileType = sourcecode.swift; path = PhotoFilter.swift; sourceTree = "<group>"; };
		BF50E33F1E5C6F5500AA3664 /* Photo.swift */ = {isa = PBXFileReference; fileEncoding = 4; lastKnownFileType = sourcecode.swift; path = Photo.swift; sourceTree = "<group>"; };
		BF50E3421E5C6FED00AA3664 /* UIImage+Helper.swift */ = {isa = PBXFileReference; fileEncoding = 4; lastKnownFileType = sourcecode.swift; path = "UIImage+Helper.swift"; sourceTree = "<group>"; };
		BF50E3441E5C702000AA3664 /* GlobalFunctions.swift */ = {isa = PBXFileReference; fileEncoding = 4; lastKnownFileType = sourcecode.swift; path = GlobalFunctions.swift; sourceTree = "<group>"; };
		DC3DE0A11E5C13350073F403 /* ImageDownloader-Bridging-Header.h */ = {isa = PBXFileReference; lastKnownFileType = sourcecode.c.h; path = "ImageDownloader-Bridging-Header.h"; sourceTree = "<group>"; };
		DC71FFE51E5C565500523B0C /* FileCell.swift */ = {isa = PBXFileReference; fileEncoding = 4; lastKnownFileType = sourcecode.swift; path = FileCell.swift; sourceTree = "<group>"; };
		DC71FFE81E5C568900523B0C /* GlobalProtocol.swift */ = {isa = PBXFileReference; fileEncoding = 4; lastKnownFileType = sourcecode.swift; path = GlobalProtocol.swift; sourceTree = "<group>"; };
		DCD69DA71E5BF68400EEBCD4 /* ImageDownloader.app */ = {isa = PBXFileReference; explicitFileType = wrapper.application; includeInIndex = 0; path = ImageDownloader.app; sourceTree = BUILT_PRODUCTS_DIR; };
		DCD69DAA1E5BF68400EEBCD4 /* AppDelegate.swift */ = {isa = PBXFileReference; lastKnownFileType = sourcecode.swift; path = AppDelegate.swift; sourceTree = "<group>"; };
		DCD69DAF1E5BF68400EEBCD4 /* Base */ = {isa = PBXFileReference; lastKnownFileType = file.storyboard; name = Base; path = Base.lproj/Main.storyboard; sourceTree = "<group>"; };
		DCD69DB11E5BF68400EEBCD4 /* Assets.xcassets */ = {isa = PBXFileReference; lastKnownFileType = folder.assetcatalog; path = Assets.xcassets; sourceTree = "<group>"; };
		DCD69DB41E5BF68400EEBCD4 /* Base */ = {isa = PBXFileReference; lastKnownFileType = file.storyboard; name = Base; path = Base.lproj/LaunchScreen.storyboard; sourceTree = "<group>"; };
		DCD69DB61E5BF68400EEBCD4 /* Info.plist */ = {isa = PBXFileReference; lastKnownFileType = text.plist.xml; path = Info.plist; sourceTree = "<group>"; };
		DCD69DBD1E5BFDA000EEBCD4 /* FilesViewController.swift */ = {isa = PBXFileReference; fileEncoding = 4; lastKnownFileType = sourcecode.swift; path = FilesViewController.swift; sourceTree = "<group>"; };
		DCD69DBF1E5BFDB200EEBCD4 /* FilesTableViewController.swift */ = {isa = PBXFileReference; fileEncoding = 4; lastKnownFileType = sourcecode.swift; path = FilesTableViewController.swift; sourceTree = "<group>"; };
		DCD69DC11E5C092E00EEBCD4 /* PhotoViewerViewController.swift */ = {isa = PBXFileReference; fileEncoding = 4; lastKnownFileType = sourcecode.swift; path = PhotoViewerViewController.swift; sourceTree = "<group>"; };
/* End PBXFileReference section */

/* Begin PBXFrameworksBuildPhase section */
		DCD69DA41E5BF68400EEBCD4 /* Frameworks */ = {
			isa = PBXFrameworksBuildPhase;
			buildActionMask = 2147483647;
			files = (
				1AF8F3D4B6A6C25B6C8FFAF4 /* Pods_ImageDownloader.framework in Frameworks */,
			);
			runOnlyForDeploymentPostprocessing = 0;
		};
/* End PBXFrameworksBuildPhase section */

/* Begin PBXGroup section */
		8EE1E53A93C19ECC0EF799AA /* Frameworks */ = {
			isa = PBXGroup;
			children = (
				A082DEF9A4F0053160C33C79 /* Pods_ImageDownloader.framework */,
			);
			name = Frameworks;
			sourceTree = "<group>";
		};
		BF50E3321E5C634B00AA3664 /* Models */ = {
			isa = PBXGroup;
			children = (
				BF50E33F1E5C6F5500AA3664 /* Photo.swift */,
				BF50E3371E5C681700AA3664 /* FileCollection.swift */,
			);
			path = Models;
			sourceTree = "<group>";
		};
		BF50E3331E5C635C00AA3664 /* ViewModels */ = {
			isa = PBXGroup;
			children = (
			);
			path = ViewModels;
			sourceTree = "<group>";
		};
		BF50E3341E5C65CC00AA3664 /* Operations */ = {
			isa = PBXGroup;
			children = (
				BF50E33D1E5C6EEB00AA3664 /* PhotoFilter.swift */,
				BF50E33B1E5C6E5F00AA3664 /* PhotoImport.swift */,
				BF50E3351E5C65DA00AA3664 /* PhotoDownload.swift */,
			);
			path = Operations;
			sourceTree = "<group>";
		};
		BF50E3411E5C6FD800AA3664 /* Extenstions */ = {
			isa = PBXGroup;
			children = (
				BF50E3421E5C6FED00AA3664 /* UIImage+Helper.swift */,
			);
			path = Extenstions;
			sourceTree = "<group>";
		};
		C8146446971046FFB1260F96 /* Pods */ = {
			isa = PBXGroup;
			children = (
				10B2F1A5CA9D843E7B3CC4D7 /* Pods-ImageDownloader.debug.xcconfig */,
				970F52A0B5B07F3943C8760C /* Pods-ImageDownloader.release.xcconfig */,
			);
			name = Pods;
			sourceTree = "<group>";
		};
		DC3DE0A41E5C275E0073F403 /* SupportingFiles */ = {
			isa = PBXGroup;
			children = (
			);
			path = SupportingFiles;
			sourceTree = "<group>";
		};
		DC71FFE41E5C563800523B0C /* Cells */ = {
			isa = PBXGroup;
			children = (
				DC71FFE51E5C565500523B0C /* FileCell.swift */,
			);
			path = Cells;
			sourceTree = "<group>";
		};
		DC71FFE71E5C567300523B0C /* Utilities */ = {
			isa = PBXGroup;
			children = (
				BF50E3411E5C6FD800AA3664 /* Extenstions */,
				BF50E3341E5C65CC00AA3664 /* Operations */,
				DC71FFE81E5C568900523B0C /* GlobalProtocol.swift */,
				BF50E3391E5C6BF700AA3664 /* GlobalEnum.swift */,
				BF50E3441E5C702000AA3664 /* GlobalFunctions.swift */,
			);
			path = Utilities;
			sourceTree = "<group>";
		};
		DCD69D9E1E5BF68400EEBCD4 = {
			isa = PBXGroup;
			children = (
				DCD69DA91E5BF68400EEBCD4 /* ImageDownloader */,
				DCD69DA81E5BF68400EEBCD4 /* Products */,
				C8146446971046FFB1260F96 /* Pods */,
				8EE1E53A93C19ECC0EF799AA /* Frameworks */,
			);
			sourceTree = "<group>";
		};
		DCD69DA81E5BF68400EEBCD4 /* Products */ = {
			isa = PBXGroup;
			children = (
				DCD69DA71E5BF68400EEBCD4 /* ImageDownloader.app */,
			);
			name = Products;
			sourceTree = "<group>";
		};
		DCD69DA91E5BF68400EEBCD4 /* ImageDownloader */ = {
			isa = PBXGroup;
			children = (
				BF50E3331E5C635C00AA3664 /* ViewModels */,
				BF50E3321E5C634B00AA3664 /* Models */,
				DC71FFE71E5C567300523B0C /* Utilities */,
				DC71FFE41E5C563800523B0C /* Cells */,
				DC3DE0A41E5C275E0073F403 /* SupportingFiles */,
				DCD69DBC1E5BFD8A00EEBCD4 /* Controllers */,
				DCD69DAA1E5BF68400EEBCD4 /* AppDelegate.swift */,
				DCD69DAE1E5BF68400EEBCD4 /* Main.storyboard */,
				DCD69DB11E5BF68400EEBCD4 /* Assets.xcassets */,
				DCD69DB31E5BF68400EEBCD4 /* LaunchScreen.storyboard */,
				DCD69DB61E5BF68400EEBCD4 /* Info.plist */,
				DC3DE0A11E5C13350073F403 /* ImageDownloader-Bridging-Header.h */,
			);
			path = ImageDownloader;
			sourceTree = "<group>";
		};
		DCD69DBC1E5BFD8A00EEBCD4 /* Controllers */ = {
			isa = PBXGroup;
			children = (
				DCD69DBD1E5BFDA000EEBCD4 /* FilesViewController.swift */,
				DCD69DBF1E5BFDB200EEBCD4 /* FilesTableViewController.swift */,
				DCD69DC11E5C092E00EEBCD4 /* PhotoViewerViewController.swift */,
			);
			path = Controllers;
			sourceTree = "<group>";
		};
/* End PBXGroup section */

/* Begin PBXNativeTarget section */
		DCD69DA61E5BF68400EEBCD4 /* ImageDownloader */ = {
			isa = PBXNativeTarget;
			buildConfigurationList = DCD69DB91E5BF68400EEBCD4 /* Build configuration list for PBXNativeTarget "ImageDownloader" */;
			buildPhases = (
				7B255BC1D7690A647181FED1 /* [CP] Check Pods Manifest.lock */,
				DCD69DA31E5BF68400EEBCD4 /* Sources */,
				DCD69DA41E5BF68400EEBCD4 /* Frameworks */,
				DCD69DA51E5BF68400EEBCD4 /* Resources */,
				C6806485616202C1061D6C48 /* [CP] Embed Pods Frameworks */,
				CDBEDC9DC25A5B688B536A5E /* [CP] Copy Pods Resources */,
			);
			buildRules = (
			);
			dependencies = (
			);
			name = ImageDownloader;
			productName = ImageDownloader;
			productReference = DCD69DA71E5BF68400EEBCD4 /* ImageDownloader.app */;
			productType = "com.apple.product-type.application";
		};
/* End PBXNativeTarget section */

/* Begin PBXProject section */
		DCD69D9F1E5BF68400EEBCD4 /* Project object */ = {
			isa = PBXProject;
			attributes = {
				LastSwiftUpdateCheck = 0820;
				LastUpgradeCheck = 0820;
				ORGANIZATIONNAME = "Bao Nguyen";
				TargetAttributes = {
					DCD69DA61E5BF68400EEBCD4 = {
						CreatedOnToolsVersion = 8.2.1;
						DevelopmentTeam = 4X4ZDEX56P;
						LastSwiftMigration = 0820;
						ProvisioningStyle = Automatic;
					};
				};
			};
			buildConfigurationList = DCD69DA21E5BF68400EEBCD4 /* Build configuration list for PBXProject "ImageDownloader" */;
			compatibilityVersion = "Xcode 3.2";
			developmentRegion = English;
			hasScannedForEncodings = 0;
			knownRegions = (
				en,
				Base,
			);
			mainGroup = DCD69D9E1E5BF68400EEBCD4;
			productRefGroup = DCD69DA81E5BF68400EEBCD4 /* Products */;
			projectDirPath = "";
			projectRoot = "";
			targets = (
				DCD69DA61E5BF68400EEBCD4 /* ImageDownloader */,
			);
		};
/* End PBXProject section */

/* Begin PBXResourcesBuildPhase section */
		DCD69DA51E5BF68400EEBCD4 /* Resources */ = {
			isa = PBXResourcesBuildPhase;
			buildActionMask = 2147483647;
			files = (
				DCD69DB51E5BF68400EEBCD4 /* LaunchScreen.storyboard in Resources */,
				DCD69DB21E5BF68400EEBCD4 /* Assets.xcassets in Resources */,
				DCD69DB01E5BF68400EEBCD4 /* Main.storyboard in Resources */,
			);
			runOnlyForDeploymentPostprocessing = 0;
		};
/* End PBXResourcesBuildPhase section */

/* Begin PBXShellScriptBuildPhase section */
		7B255BC1D7690A647181FED1 /* [CP] Check Pods Manifest.lock */ = {
			isa = PBXShellScriptBuildPhase;
			buildActionMask = 2147483647;
			files = (
			);
			inputPaths = (
			);
			name = "[CP] Check Pods Manifest.lock";
			outputPaths = (
			);
			runOnlyForDeploymentPostprocessing = 0;
			shellPath = /bin/sh;
			shellScript = "diff \"${PODS_ROOT}/../Podfile.lock\" \"${PODS_ROOT}/Manifest.lock\" > /dev/null\nif [ $? != 0 ] ; then\n    # print error to STDERR\n    echo \"error: The sandbox is not in sync with the Podfile.lock. Run 'pod install' or update your CocoaPods installation.\" >&2\n    exit 1\nfi\n";
			showEnvVarsInLog = 0;
		};
		C6806485616202C1061D6C48 /* [CP] Embed Pods Frameworks */ = {
			isa = PBXShellScriptBuildPhase;
			buildActionMask = 2147483647;
			files = (
			);
			inputPaths = (
			);
			name = "[CP] Embed Pods Frameworks";
			outputPaths = (
			);
			runOnlyForDeploymentPostprocessing = 0;
			shellPath = /bin/sh;
			shellScript = "\"${SRCROOT}/Pods/Target Support Files/Pods-ImageDownloader/Pods-ImageDownloader-frameworks.sh\"\n";
			showEnvVarsInLog = 0;
		};
		CDBEDC9DC25A5B688B536A5E /* [CP] Copy Pods Resources */ = {
			isa = PBXShellScriptBuildPhase;
			buildActionMask = 2147483647;
			files = (
			);
			inputPaths = (
			);
			name = "[CP] Copy Pods Resources";
			outputPaths = (
			);
			runOnlyForDeploymentPostprocessing = 0;
			shellPath = /bin/sh;
			shellScript = "\"${SRCROOT}/Pods/Target Support Files/Pods-ImageDownloader/Pods-ImageDownloader-resources.sh\"\n";
			showEnvVarsInLog = 0;
		};
/* End PBXShellScriptBuildPhase section */

/* Begin PBXSourcesBuildPhase section */
		DCD69DA31E5BF68400EEBCD4 /* Sources */ = {
			isa = PBXSourcesBuildPhase;
			buildActionMask = 2147483647;
			files = (
				BF50E3401E5C6F5500AA3664 /* Photo.swift in Sources */,
				DCD69DC01E5BFDB200EEBCD4 /* FilesTableViewController.swift in Sources */,
				BF50E3451E5C702000AA3664 /* GlobalFunctions.swift in Sources */,
				BF50E33E1E5C6EEB00AA3664 /* PhotoFilter.swift in Sources */,
				BF50E33A1E5C6BF700AA3664 /* GlobalEnum.swift in Sources */,
				DCD69DC21E5C092E00EEBCD4 /* PhotoViewerViewController.swift in Sources */,
				BF50E33C1E5C6E5F00AA3664 /* PhotoImport.swift in Sources */,
				DCD69DBE1E5BFDA000EEBCD4 /* FilesViewController.swift in Sources */,
				BF50E3361E5C65DA00AA3664 /* PhotoDownload.swift in Sources */,
				DC71FFE61E5C565500523B0C /* FileCell.swift in Sources */,
				DC71FFE91E5C568900523B0C /* GlobalProtocol.swift in Sources */,
				DCD69DAB1E5BF68400EEBCD4 /* AppDelegate.swift in Sources */,
				BF50E3381E5C681700AA3664 /* FileCollection.swift in Sources */,
				BF50E3431E5C6FED00AA3664 /* UIImage+Helper.swift in Sources */,
			);
			runOnlyForDeploymentPostprocessing = 0;
		};
/* End PBXSourcesBuildPhase section */

/* Begin PBXVariantGroup section */
		DCD69DAE1E5BF68400EEBCD4 /* Main.storyboard */ = {
			isa = PBXVariantGroup;
			children = (
				DCD69DAF1E5BF68400EEBCD4 /* Base */,
			);
			name = Main.storyboard;
			sourceTree = "<group>";
		};
		DCD69DB31E5BF68400EEBCD4 /* LaunchScreen.storyboard */ = {
			isa = PBXVariantGroup;
			children = (
				DCD69DB41E5BF68400EEBCD4 /* Base */,
			);
			name = LaunchScreen.storyboard;
			sourceTree = "<group>";
		};
/* End PBXVariantGroup section */

/* Begin XCBuildConfiguration section */
		DCD69DB71E5BF68400EEBCD4 /* Debug */ = {
			isa = XCBuildConfiguration;
			buildSettings = {
				ALWAYS_SEARCH_USER_PATHS = NO;
				CLANG_ANALYZER_NONNULL = YES;
				CLANG_CXX_LANGUAGE_STANDARD = "gnu++0x";
				CLANG_CXX_LIBRARY = "libc++";
				CLANG_ENABLE_MODULES = YES;
				CLANG_ENABLE_OBJC_ARC = YES;
				CLANG_WARN_BOOL_CONVERSION = YES;
				CLANG_WARN_CONSTANT_CONVERSION = YES;
				CLANG_WARN_DIRECT_OBJC_ISA_USAGE = YES_ERROR;
				CLANG_WARN_DOCUMENTATION_COMMENTS = YES;
				CLANG_WARN_EMPTY_BODY = YES;
				CLANG_WARN_ENUM_CONVERSION = YES;
				CLANG_WARN_INFINITE_RECURSION = YES;
				CLANG_WARN_INT_CONVERSION = YES;
				CLANG_WARN_OBJC_ROOT_CLASS = YES_ERROR;
				CLANG_WARN_SUSPICIOUS_MOVE = YES;
				CLANG_WARN_UNREACHABLE_CODE = YES;
				CLANG_WARN__DUPLICATE_METHOD_MATCH = YES;
				"CODE_SIGN_IDENTITY[sdk=iphoneos*]" = "iPhone Developer";
				COPY_PHASE_STRIP = NO;
				DEBUG_INFORMATION_FORMAT = dwarf;
				ENABLE_STRICT_OBJC_MSGSEND = YES;
				ENABLE_TESTABILITY = YES;
				GCC_C_LANGUAGE_STANDARD = gnu99;
				GCC_DYNAMIC_NO_PIC = NO;
				GCC_NO_COMMON_BLOCKS = YES;
				GCC_OPTIMIZATION_LEVEL = 0;
				GCC_PREPROCESSOR_DEFINITIONS = (
					"DEBUG=1",
					"$(inherited)",
				);
				GCC_WARN_64_TO_32_BIT_CONVERSION = YES;
				GCC_WARN_ABOUT_RETURN_TYPE = YES_ERROR;
				GCC_WARN_UNDECLARED_SELECTOR = YES;
				GCC_WARN_UNINITIALIZED_AUTOS = YES_AGGRESSIVE;
				GCC_WARN_UNUSED_FUNCTION = YES;
				GCC_WARN_UNUSED_VARIABLE = YES;
				IPHONEOS_DEPLOYMENT_TARGET = 10.2;
				MTL_ENABLE_DEBUG_INFO = YES;
				ONLY_ACTIVE_ARCH = YES;
				SDKROOT = iphoneos;
				SWIFT_ACTIVE_COMPILATION_CONDITIONS = DEBUG;
				SWIFT_OPTIMIZATION_LEVEL = "-Onone";
				TARGETED_DEVICE_FAMILY = "1,2";
			};
			name = Debug;
		};
		DCD69DB81E5BF68400EEBCD4 /* Release */ = {
			isa = XCBuildConfiguration;
			buildSettings = {
				ALWAYS_SEARCH_USER_PATHS = NO;
				CLANG_ANALYZER_NONNULL = YES;
				CLANG_CXX_LANGUAGE_STANDARD = "gnu++0x";
				CLANG_CXX_LIBRARY = "libc++";
				CLANG_ENABLE_MODULES = YES;
				CLANG_ENABLE_OBJC_ARC = YES;
				CLANG_WARN_BOOL_CONVERSION = YES;
				CLANG_WARN_CONSTANT_CONVERSION = YES;
				CLANG_WARN_DIRECT_OBJC_ISA_USAGE = YES_ERROR;
				CLANG_WARN_DOCUMENTATION_COMMENTS = YES;
				CLANG_WARN_EMPTY_BODY = YES;
				CLANG_WARN_ENUM_CONVERSION = YES;
				CLANG_WARN_INFINITE_RECURSION = YES;
				CLANG_WARN_INT_CONVERSION = YES;
				CLANG_WARN_OBJC_ROOT_CLASS = YES_ERROR;
				CLANG_WARN_SUSPICIOUS_MOVE = YES;
				CLANG_WARN_UNREACHABLE_CODE = YES;
				CLANG_WARN__DUPLICATE_METHOD_MATCH = YES;
				"CODE_SIGN_IDENTITY[sdk=iphoneos*]" = "iPhone Developer";
				COPY_PHASE_STRIP = NO;
				DEBUG_INFORMATION_FORMAT = "dwarf-with-dsym";
				ENABLE_NS_ASSERTIONS = NO;
				ENABLE_STRICT_OBJC_MSGSEND = YES;
				GCC_C_LANGUAGE_STANDARD = gnu99;
				GCC_NO_COMMON_BLOCKS = YES;
				GCC_WARN_64_TO_32_BIT_CONVERSION = YES;
				GCC_WARN_ABOUT_RETURN_TYPE = YES_ERROR;
				GCC_WARN_UNDECLARED_SELECTOR = YES;
				GCC_WARN_UNINITIALIZED_AUTOS = YES_AGGRESSIVE;
				GCC_WARN_UNUSED_FUNCTION = YES;
				GCC_WARN_UNUSED_VARIABLE = YES;
				IPHONEOS_DEPLOYMENT_TARGET = 10.2;
				MTL_ENABLE_DEBUG_INFO = NO;
				SDKROOT = iphoneos;
				SWIFT_OPTIMIZATION_LEVEL = "-Owholemodule";
				TARGETED_DEVICE_FAMILY = "1,2";
				VALIDATE_PRODUCT = YES;
			};
			name = Release;
		};
		DCD69DBA1E5BF68400EEBCD4 /* Debug */ = {
			isa = XCBuildConfiguration;
			baseConfigurationReference = 10B2F1A5CA9D843E7B3CC4D7 /* Pods-ImageDownloader.debug.xcconfig */;
			buildSettings = {
				ASSETCATALOG_COMPILER_APPICON_NAME = AppIcon;
				CLANG_ENABLE_MODULES = YES;
				DEVELOPMENT_TEAM = 4X4ZDEX56P;
				INFOPLIST_FILE = ImageDownloader/Info.plist;
				IPHONEOS_DEPLOYMENT_TARGET = 9.0;
				LD_RUNPATH_SEARCH_PATHS = "$(inherited) @executable_path/Frameworks";
				PRODUCT_BUNDLE_IDENTIFIER = com.baon.ImageDownloader;
				PRODUCT_NAME = "$(TARGET_NAME)";
				SWIFT_OBJC_BRIDGING_HEADER = "ImageDownloader/ImageDownloader-Bridging-Header.h";
				SWIFT_OPTIMIZATION_LEVEL = "-Onone";
				SWIFT_VERSION = 3.0;
			};
			name = Debug;
		};
		DCD69DBB1E5BF68400EEBCD4 /* Release */ = {
			isa = XCBuildConfiguration;
			baseConfigurationReference = 970F52A0B5B07F3943C8760C /* Pods-ImageDownloader.release.xcconfig */;
			buildSettings = {
				ASSETCATALOG_COMPILER_APPICON_NAME = AppIcon;
				CLANG_ENABLE_MODULES = YES;
				DEVELOPMENT_TEAM = 4X4ZDEX56P;
				INFOPLIST_FILE = ImageDownloader/Info.plist;
				IPHONEOS_DEPLOYMENT_TARGET = 9.0;
				LD_RUNPATH_SEARCH_PATHS = "$(inherited) @executable_path/Frameworks";
				PRODUCT_BUNDLE_IDENTIFIER = com.baon.ImageDownloader;
				PRODUCT_NAME = "$(TARGET_NAME)";
				SWIFT_OBJC_BRIDGING_HEADER = "ImageDownloader/ImageDownloader-Bridging-Header.h";
				SWIFT_VERSION = 3.0;
			};
			name = Release;
		};
/* End XCBuildConfiguration section */

/* Begin XCConfigurationList section */
		DCD69DA21E5BF68400EEBCD4 /* Build configuration list for PBXProject "ImageDownloader" */ = {
			isa = XCConfigurationList;
			buildConfigurations = (
				DCD69DB71E5BF68400EEBCD4 /* Debug */,
				DCD69DB81E5BF68400EEBCD4 /* Release */,
			);
			defaultConfigurationIsVisible = 0;
			defaultConfigurationName = Release;
		};
		DCD69DB91E5BF68400EEBCD4 /* Build configuration list for PBXNativeTarget "ImageDownloader" */ = {
			isa = XCConfigurationList;
			buildConfigurations = (
				DCD69DBA1E5BF68400EEBCD4 /* Debug */,
				DCD69DBB1E5BF68400EEBCD4 /* Release */,
			);
			defaultConfigurationIsVisible = 0;
			defaultConfigurationName = Release;
		};
/* End XCConfigurationList section */
	};
	rootObject = DCD69D9F1E5BF68400EEBCD4 /* Project object */;
}
